
Microsoft Visual Studio Solution File, Format Version 12.00
# Visual Studio 15
VisualStudioVersion = 15.0.27004.2006
MinimumVisualStudioVersion = 10.0.40219.1
Project("{FAE04EC0-301F-11D3-BF4B-00C04F79EFBC}") = "VersionBase", "VersionBase\VersionBase.csproj", "{0FA4F834-4224-4D66-88A3-0A606CB3ADA7}"
EndProject
Project("{FAE04EC0-301F-11D3-BF4B-00C04F79EFBC}") = "VersionBase.Libraries", "VersionBase.Libraries\VersionBase.Libraries.csproj", "{B212820E-5ABB-4C2C-929B-C16D2D61E89F}"
EndProject
Project("{FAE04EC0-301F-11D3-BF4B-00C04F79EFBC}") = "Controls.Library", "Controls.Library\Controls.Library.csproj", "{18B49489-A417-4904-A06E-449BCE6BC841}"
EndProject
Project("{FAE04EC0-301F-11D3-BF4B-00C04F79EFBC}") = "DataLibrary", "DataLibrary\DataLibrary.csproj", "{DBF84FE5-22C5-412C-BE74-B3E18034DEE3}"
EndProject
Global
	GlobalSection(SolutionConfigurationPlatforms) = preSolution
		Debug|Any CPU = Debug|Any CPU
		Release|Any CPU = Release|Any CPU
	EndGlobalSection
	GlobalSection(ProjectConfigurationPlatforms) = postSolution
		{0FA4F834-4224-4D66-88A3-0A606CB3ADA7}.Debug|Any CPU.ActiveCfg = Debug|Any CPU
		{0FA4F834-4224-4D66-88A3-0A606CB3ADA7}.Debug|Any CPU.Build.0 = Debug|Any CPU
		{0FA4F834-4224-4D66-88A3-0A606CB3ADA7}.Release|Any CPU.ActiveCfg = Release|Any CPU
		{0FA4F834-4224-4D66-88A3-0A606CB3ADA7}.Release|Any CPU.Build.0 = Release|Any CPU
		{B212820E-5ABB-4C2C-929B-C16D2D61E89F}.Debug|Any CPU.ActiveCfg = Debug|Any CPU
		{B212820E-5ABB-4C2C-929B-C16D2D61E89F}.Debug|Any CPU.Build.0 = Debug|Any CPU
		{B212820E-5ABB-4C2C-929B-C16D2D61E89F}.Release|Any CPU.ActiveCfg = Release|Any CPU
		{B212820E-5ABB-4C2C-929B-C16D2D61E89F}.Release|Any CPU.Build.0 = Release|Any CPU
		{18B49489-A417-4904-A06E-449BCE6BC841}.Debug|Any CPU.ActiveCfg = Debug|Any CPU
		{18B49489-A417-4904-A06E-449BCE6BC841}.Debug|Any CPU.Build.0 = Debug|Any CPU
		{18B49489-A417-4904-A06E-449BCE6BC841}.Release|Any CPU.ActiveCfg = Release|Any CPU
		{18B49489-A417-4904-A06E-449BCE6BC841}.Release|Any CPU.Build.0 = Release|Any CPU
		{DBF84FE5-22C5-412C-BE74-B3E18034DEE3}.Debug|Any CPU.ActiveCfg = Debug|Any CPU
		{DBF84FE5-22C5-412C-BE74-B3E18034DEE3}.Debug|Any CPU.Build.0 = Debug|Any CPU
		{DBF84FE5-22C5-412C-BE74-B3E18034DEE3}.Release|Any CPU.ActiveCfg = Release|Any CPU
		{DBF84FE5-22C5-412C-BE74-B3E18034DEE3}.Release|Any CPU.Build.0 = Release|Any CPU
	EndGlobalSection
	GlobalSection(SolutionProperties) = preSolution
		HideSolutionNode = FALSE
	EndGlobalSection
	GlobalSection(ExtensibilityGlobals) = postSolution
		SolutionGuid = {7D25F75C-9617-4B75-8983-DEBA5763750F}
	EndGlobalSection
EndGlobal
